<?xml version="1.0" encoding="utf-8"?>
<Project ToolsVersion="4.0" xmlns="http://schemas.microsoft.com/developer/msbuild/2003">
  <ItemGroup>
    <Filter Include="Source Files">
      <UniqueIdentifier>{4FC737F1-C7A5-4376-A066-2A32D752A2FF}</UniqueIdentifier>
      <Extensions>cpp;c;cc;cxx;def;odl;idl;hpj;bat;asm;asmx</Extensions>
    </Filter>
    <Filter Include="Header Files">
      <UniqueIdentifier>{93995380-89BD-4b04-88EB-625FBE52EBFB}</UniqueIdentifier>
      <Extensions>h;hh;hpp;hxx;hm;inl;inc;xsd</Extensions>
    </Filter>
    <Filter Include="Resource Files">
      <UniqueIdentifier>{67DA6AB6-F800-4c08-8B7A-83BB121AAD01}</UniqueIdentifier>
      <Extensions>rc;ico;cur;bmp;dlg;rc2;rct;bin;rgs;gif;jpg;jpeg;jpe;resx;tiff;tif;png;wav;mfcribbon-ms</Extensions>
    </Filter>
    <Filter Include="Header Files\Cars">
      <UniqueIdentifier>{07d7fc6e-b88a-45ad-9f4c-642fa2c9611a}</UniqueIdentifier>
    </Filter>
    <Filter Include="Header Files\Cars\Engines">
      <UniqueIdentifier>{87fbb9d3-4903-457f-a17f-31d0dd722f4d}</UniqueIdentifier>
    </Filter>
    <Filter Include="Header Files\Cars\FreightCars">
      <UniqueIdentifier>{cda7af1e-c337-4cc5-9882-d7810a8dca36}</UniqueIdentifier>
    </Filter>
    <Filter Include="Header Files\Cars\PassengerCars">
      <UniqueIdentifier>{d6030009-7819-4c6b-8db7-f13c16dcb98a}</UniqueIdentifier>
    </Filter>
    <Filter Include="Header Files\Train">
      <UniqueIdentifier>{c8ac1f21-a5fb-42fc-a689-6688cd9cfc91}</UniqueIdentifier>
    </Filter>
    <Filter Include="Source Files\Train">
      <UniqueIdentifier>{d18fb292-a12b-49e2-b584-952eb77256d4}</UniqueIdentifier>
    </Filter>
  </ItemGroup>
  <ItemGroup>
    <ClCompile Include="main.cpp">
      <Filter>Source Files</Filter>
    </ClCompile>
    <ClCompile Include="Train.cpp">
      <Filter>Source Files\Train</Filter>
    </ClCompile>
    <ClCompile Include="Station.cpp">
      <Filter>Source Files</Filter>
    </ClCompile>
    <ClCompile Include="DataReader.cpp">
      <Filter>Source Files</Filter>
    </ClCompile>
    <ClCompile Include="Event.cpp">
      <Filter>Source Files</Filter>
    </ClCompile>
    <ClCompile Include="Simulation.cpp">
      <Filter>Source Files</Filter>
    </ClCompile>
    <ClCompile Include="Time.cpp">
      <Filter>Source Files</Filter>
    </ClCompile>
  </ItemGroup>
  <ItemGroup>
    <ClInclude Include="Constants.h">
      <Filter>Header Files</Filter>
    </ClInclude>
    <ClInclude Include="FreightCar.h">
      <Filter>Header Files\Cars</Filter>
    </ClInclude>
    <ClInclude Include="Engine.h">
      <Filter>Header Files\Cars</Filter>
    </ClInclude>
    <ClInclude Include="PassengerCar.h">
      <Filter>Header Files\Cars</Filter>
    </ClInclude>
    <ClInclude Include="CoachCar.h">
      <Filter>Header Files\Cars\PassengerCars</Filter>
    </ClInclude>
    <ClInclude Include="SleepingCar.h">
      <Filter>Header Files\Cars\PassengerCars</Filter>
    </ClInclude>
    <ClInclude Include="CoveredFreightCar.h">
      <Filter>Header Files\Cars\FreightCars</Filter>
    </ClInclude>
    <ClInclude Include="OpenFreightCar.h">
      <Filter>Header Files\Cars\FreightCars</Filter>
    </ClInclude>
    <ClInclude Include="ElectricalEngine.h">
      <Filter>Header Files\Cars\Engines</Filter>
    </ClInclude>
    <ClInclude Include="DieselEngine.h">
      <Filter>Header Files\Cars\Engines</Filter>
    </ClInclude>
    <ClInclude Include="Car.h">
      <Filter>Header Files\Train</Filter>
    </ClInclude>
    <ClInclude Include="Train.h">
      <Filter>Header Files\Train</Filter>
    </ClInclude>
    <ClInclude Include="Station.h">
      <Filter>Header Files</Filter>
    </ClInclude>
    <ClInclude Include="DataReader.h">
      <Filter>Header Files</Filter>
    </ClInclude>
    <ClInclude Include="Event.h">
      <Filter>Header Files</Filter>
    </ClInclude>
    <ClInclude Include="Simulation.h">
      <Filter>Header Files</Filter>
    </ClInclude>
    <ClInclude Include="Time.h">
      <Filter>Header Files</Filter>
    </ClInclude>
  </ItemGroup>
</Project>